// !$*UTF8*$!
{
	archiveVersion = 1;
	classes = {
	};
	objectVersion = 50;
	objects = {

/* Begin PBXBuildFile section */
		C74A6A1924A316080066C7AA /* AppDelegate.swift in Sources */ = {isa = PBXBuildFile; fileRef = C74A6A1824A316080066C7AA /* AppDelegate.swift */; };
		C74A6A1D24A316080066C7AA /* ViewController.swift in Sources */ = {isa = PBXBuildFile; fileRef = C74A6A1C24A316080066C7AA /* ViewController.swift */; };
		C74A6A2024A316080066C7AA /* Main.storyboard in Resources */ = {isa = PBXBuildFile; fileRef = C74A6A1E24A316080066C7AA /* Main.storyboard */; };
		C74A6A2224A316090066C7AA /* Assets.xcassets in Resources */ = {isa = PBXBuildFile; fileRef = C74A6A2124A316090066C7AA /* Assets.xcassets */; };
		C74A6A2524A316090066C7AA /* LaunchScreen.storyboard in Resources */ = {isa = PBXBuildFile; fileRef = C74A6A2324A316090066C7AA /* LaunchScreen.storyboard */; };
		C74A6A2D24A318DC0066C7AA /* CustomCell.swift in Sources */ = {isa = PBXBuildFile; fileRef = C74A6A2C24A318DC0066C7AA /* CustomCell.swift */; };
		C74A6A2F24A32C6B0066C7AA /* MyCellectionCell.swift in Sources */ = {isa = PBXBuildFile; fileRef = C74A6A2E24A32C6B0066C7AA /* MyCellectionCell.swift */; };
/* End PBXBuildFile section */

/* Begin PBXFileReference section */
		C74A6A1524A316080066C7AA /* CombinationTableCollectionView.app */ = {isa = PBXFileReference; explicitFileType = wrapper.application; includeInIndex = 0; path = CombinationTableCollectionView.app; sourceTree = BUILT_PRODUCTS_DIR; };
		C74A6A1824A316080066C7AA /* AppDelegate.swift */ = {isa = PBXFileReference; lastKnownFileType = sourcecode.swift; path = AppDelegate.swift; sourceTree = "<group>"; };
		C74A6A1C24A316080066C7AA /* ViewController.swift */ = {isa = PBXFileReference; lastKnownFileType = sourcecode.swift; path = ViewController.swift; sourceTree = "<group>"; };
		C74A6A1F24A316080066C7AA /* Base */ = {isa = PBXFileReference; lastKnownFileType = file.storyboard; name = Base; path = Base.lproj/Main.storyboard; sourceTree = "<group>"; };
		C74A6A2124A316090066C7AA /* Assets.xcassets */ = {isa = PBXFileReference; lastKnownFileType = folder.assetcatalog; path = Assets.xcassets; sourceTree = "<group>"; };
		C74A6A2424A316090066C7AA /* Base */ = {isa = PBXFileReference; lastKnownFileType = file.storyboard; name = Base; path = Base.lproj/LaunchScreen.storyboard; sourceTree = "<group>"; };
		C74A6A2624A316090066C7AA /* Info.plist */ = {isa = PBXFileReference; lastKnownFileType = text.plist.xml; path = Info.plist; sourceTree = "<group>"; };
		C74A6A2C24A318DC0066C7AA /* CustomCell.swift */ = {isa = PBXFileReference; lastKnownFileType = sourcecode.swift; path = CustomCell.swift; sourceTree = "<group>"; };
		C74A6A2E24A32C6B0066C7AA /* MyCellectionCell.swift */ = {isa = PBXFileReference; lastKnownFileType = sourcecode.swift; path = MyCellectionCell.swift; sourceTree = "<group>"; };
/* End PBXFileReference section */

/* Begin PBXFrameworksBuildPhase section */
		C74A6A1224A316080066C7AA /* Frameworks */ = {
			isa = PBXFrameworksBuildPhase;
			buildActionMask = 2147483647;
			files = (
			);
			runOnlyForDeploymentPostprocessing = 0;
		};
/* End PBXFrameworksBuildPhase section */

/* Begin PBXGroup section */
		C74A6A0C24A316080066C7AA = {
			isa = PBXGroup;
			children = (
				C74A6A1724A316080066C7AA /* CombinationTableCollectionView */,
				C74A6A1624A316080066C7AA /* Products */,
			);
			sourceTree = "<group>";
		};
		C74A6A1624A316080066C7AA /* Products */ = {
			isa = PBXGroup;
			children = (
				C74A6A1524A316080066C7AA /* CombinationTableCollectionView.app */,
			);
			name = Products;
			sourceTree = "<group>";
		};
		C74A6A1724A316080066C7AA /* CombinationTableCollectionView */ = {
			isa = PBXGroup;
			children = (
				C74A6A1824A316080066C7AA /* AppDelegate.swift */,
				C74A6A1C24A316080066C7AA /* ViewController.swift */,
				C74A6A2C24A318DC0066C7AA /* CustomCell.swift */,
				C74A6A2E24A32C6B0066C7AA /* MyCellectionCell.swift */,
				C74A6A1E24A316080066C7AA /* Main.storyboard */,
				C74A6A2124A316090066C7AA /* Assets.xcassets */,
				C74A6A2324A316090066C7AA /* LaunchScreen.storyboard */,
				C74A6A2624A316090066C7AA /* Info.plist */,
			);
			path = CombinationTableCollectionView;
			sourceTree = "<group>";
		};
/* End PBXGroup section */

/* Begin PBXNativeTarget section */
		C74A6A1424A316080066C7AA /* CombinationTableCollectionView */ = {
			isa = PBXNativeTarget;
			buildConfigurationList = C74A6A2924A316090066C7AA /* Build configuration list for PBXNativeTarget "CombinationTableCollectionView" */;
			buildPhases = (
				C74A6A1124A316080066C7AA /* Sources */,
				C74A6A1224A316080066C7AA /* Frameworks */,
				C74A6A1324A316080066C7AA /* Resources */,
			);
			buildRules = (
			);
			dependencies = (
			);
			name = CombinationTableCollectionView;
			productName = CombinationTableCollectionView;
			productReference = C74A6A1524A316080066C7AA /* CombinationTableCollectionView.app */;
			productType = "com.apple.product-type.application";
		};
/* End PBXNativeTarget section */

/* Begin PBXProject section */
		C74A6A0D24A316080066C7AA /* Project object */ = {
			isa = PBXProject;
			attributes = {
				LastSwiftUpdateCheck = 1150;
				LastUpgradeCheck = 1150;
				ORGANIZATIONNAME = "김광수";
				TargetAttributes = {
					C74A6A1424A316080066C7AA = {
						CreatedOnToolsVersion = 11.5;
					};
				};
			};
			buildConfigurationList = C74A6A1024A316080066C7AA /* Build configuration list for PBXProject "CombinationTableCollectionView" */;
			compatibilityVersion = "Xcode 9.3";
			developmentRegion = en;
			hasScannedForEncodings = 0;
			knownRegions = (
				en,
				Base,
			);
			mainGroup = C74A6A0C24A316080066C7AA;
			productRefGroup = C74A6A1624A316080066C7AA /* Products */;
			projectDirPath = "";
			projectRoot = "";
			targets = (
				C74A6A1424A316080066C7AA /* CombinationTableCollectionView */,
			);
		};
/* End PBXProject section */

/* Begin PBXResourcesBuildPhase section */
		C74A6A1324A316080066C7AA /* Resources */ = {
			isa = PBXResourcesBuildPhase;
			buildActionMask = 2147483647;
			files = (
				C74A6A2524A316090066C7AA /* LaunchScreen.storyboard in Resources */,
				C74A6A2224A316090066C7AA /* Assets.xcassets in Resources */,
				C74A6A2024A316080066C7AA /* Main.storyboard in Resources */,
			);
			runOnlyForDeploymentPostprocessing = 0;
		};
/* End PBXResourcesBuildPhase section */

/* Begin PBXSourcesBuildPhase section */
		C74A6A1124A316080066C7AA /* Sources */ = {
			isa = PBXSourcesBuildPhase;
			buildActionMask = 2147483647;
			files = (
				C74A6A1D24A316080066C7AA /* ViewController.swift in Sources */,
				C74A6A2F24A32C6B0066C7AA /* MyCellectionCell.swift in Sources */,
				C74A6A2D24A318DC0066C7AA /* CustomCell.swift in Sources */,
				C74A6A1924A316080066C7AA /* AppDelegate.swift in Sources */,
			);
			runOnlyForDeploymentPostprocessing = 0;
		};
/* End PBXSourcesBuildPhase section */

/* Begin PBXVariantGroup section */
		C74A6A1E24A316080066C7AA /* Main.storyboard */ = {
			isa = PBXVariantGroup;
			children = (
				C74A6A1F24A316080066C7AA /* Base */,
			);
			name = Main.storyboard;
			sourceTree = "<group>";
		};
		C74A6A2324A316090066C7AA /* LaunchScreen.storyboard */ = {
			isa = PBXVariantGroup;
			children = (
				C74A6A2424A316090066C7AA /* Base */,
			);
			name = LaunchScreen.storyboard;
			sourceTree = "<group>";
		};
/* End PBXVariantGroup section */

/* Begin XCBuildConfiguration section */
		C74A6A2724A316090066C7AA /* Debug */ = {
			isa = XCBuildConfiguration;
			buildSettings = {
				ALWAYS_SEARCH_USER_PATHS = NO;
				CLANG_ANALYZER_NONNULL = YES;
				CLANG_ANALYZER_NUMBER_OBJECT_CONVERSION = YES_AGGRESSIVE;
				CLANG_CXX_LANGUAGE_STANDARD = "gnu++14";
				CLANG_CXX_LIBRARY = "libc++";
				CLANG_ENABLE_MODULES = YES;
				CLANG_ENABLE_OBJC_ARC = YES;
				CLANG_ENABLE_OBJC_WEAK = YES;
				CLANG_WARN_BLOCK_CAPTURE_AUTORELEASING = YES;
				CLANG_WARN_BOOL_CONVERSION = YES;
				CLANG_WARN_COMMA = YES;
				CLANG_WARN_CONSTANT_CONVERSION = YES;
				CLANG_WARN_DEPRECATED_OBJC_IMPLEMENTATIONS = YES;
				CLANG_WARN_DIRECT_OBJC_ISA_USAGE = YES_ERROR;
				CLANG_WARN_DOCUMENTATION_COMMENTS = YES;
				CLANG_WARN_EMPTY_BODY = YES;
				CLANG_WARN_ENUM_CONVERSION = YES;
				CLANG_WARN_INFINITE_RECURSION = YES;
				CLANG_WARN_INT_CONVERSION = YES;
				CLANG_WARN_NON_LITERAL_NULL_CONVERSION = YES;
				CLANG_WARN_OBJC_IMPLICIT_RETAIN_SELF = YES;
				CLANG_WARN_OBJC_LITERAL_CONVERSION = YES;
				CLANG_WARN_OBJC_ROOT_CLASS = YES_ERROR;
				CLANG_WARN_RANGE_LOOP_ANALYSIS = YES;
				CLANG_WARN_STRICT_PROTOTYPES = YES;
				CLANG_WARN_SUSPICIOUS_MOVE = YES;
				CLANG_WARN_UNGUARDED_AVAILABILITY = YES_AGGRESSIVE;
				CLANG_WARN_UNREACHABLE_CODE = YES;
				CLANG_WARN__DUPLICATE_METHOD_MATCH = YES;
				COPY_PHASE_STRIP = NO;
				DEBUG_INFORMATION_FORMAT = dwarf;
				ENABLE_STRICT_OBJC_MSGSEND = YES;
				ENABLE_TESTABILITY = YES;
				GCC_C_LANGUAGE_STANDARD = gnu11;
				GCC_DYNAMIC_NO_PIC = NO;
				GCC_NO_COMMON_BLOCKS = YES;
				GCC_OPTIMIZATION_LEVEL = 0;
				GCC_PREPROCESSOR_DEFINITIONS = (
					"DEBUG=1",
					"$(inherited)",
				);
				GCC_WARN_64_TO_32_BIT_CONVERSION = YES;
				GCC_WARN_ABOUT_RETURN_TYPE = YES_ERROR;
				GCC_WARN_UNDECLARED_SELECTOR = YES;
				GCC_WARN_UNINITIALIZED_AUTOS = YES_AGGRESSIVE;
				GCC_WARN_UNUSED_FUNCTION = YES;
				GCC_WARN_UNUSED_VARIABLE = YES;
				IPHONEOS_DEPLOYMENT_TARGET = 13.5;
				MTL_ENABLE_DEBUG_INFO = INCLUDE_SOURCE;
				MTL_FAST_MATH = YES;
				ONLY_ACTIVE_ARCH = YES;
				SDKROOT = iphoneos;
				SWIFT_ACTIVE_COMPILATION_CONDITIONS = DEBUG;
				SWIFT_OPTIMIZATION_LEVEL = "-Onone";
			};
			name = Debug;
		};
		C74A6A2824A316090066C7AA /* Release */ = {
			isa = XCBuildConfiguration;
			buildSettings = {
				ALWAYS_SEARCH_USER_PATHS = NO;
				CLANG_ANALYZER_NONNULL = YES;
				CLANG_ANALYZER_NUMBER_OBJECT_CONVERSION = YES_AGGRESSIVE;
				CLANG_CXX_LANGUAGE_STANDARD = "gnu++14";
				CLANG_CXX_LIBRARY = "libc++";
				CLANG_ENABLE_MODULES = YES;
				CLANG_ENABLE_OBJC_ARC = YES;
				CLANG_ENABLE_OBJC_WEAK = YES;
				CLANG_WARN_BLOCK_CAPTURE_AUTORELEASING = YES;
				CLANG_WARN_BOOL_CONVERSION = YES;
				CLANG_WARN_COMMA = YES;
				CLANG_WARN_CONSTANT_CONVERSION = YES;
				CLANG_WARN_DEPRECATED_OBJC_IMPLEMENTATIONS = YES;
				CLANG_WARN_DIRECT_OBJC_ISA_USAGE = YES_ERROR;
				CLANG_WARN_DOCUMENTATION_COMMENTS = YES;
				CLANG_WARN_EMPTY_BODY = YES;
				CLANG_WARN_ENUM_CONVERSION = YES;
				CLANG_WARN_INFINITE_RECURSION = YES;
				CLANG_WARN_INT_CONVERSION = YES;
				CLANG_WARN_NON_LITERAL_NULL_CONVERSION = YES;
				CLANG_WARN_OBJC_IMPLICIT_RETAIN_SELF = YES;
				CLANG_WARN_OBJC_LITERAL_CONVERSION = YES;
				CLANG_WARN_OBJC_ROOT_CLASS = YES_ERROR;
				CLANG_WARN_RANGE_LOOP_ANALYSIS = YES;
				CLANG_WARN_STRICT_PROTOTYPES = YES;
				CLANG_WARN_SUSPICIOUS_MOVE = YES;
				CLANG_WARN_UNGUARDED_AVAILABILITY = YES_AGGRESSIVE;
				CLANG_WARN_UNREACHABLE_CODE = YES;
				CLANG_WARN__DUPLICATE_METHOD_MATCH = YES;
				COPY_PHASE_STRIP = NO;
				DEBUG_INFORMATION_FORMAT = "dwarf-with-dsym";
				ENABLE_NS_ASSERTIONS = NO;
				ENABLE_STRICT_OBJC_MSGSEND = YES;
				GCC_C_LANGUAGE_STANDARD = gnu11;
				GCC_NO_COMMON_BLOCKS = YES;
				GCC_WARN_64_TO_32_BIT_CONVERSION = YES;
				GCC_WARN_ABOUT_RETURN_TYPE = YES_ERROR;
				GCC_WARN_UNDECLARED_SELECTOR = YES;
				GCC_WARN_UNINITIALIZED_AUTOS = YES_AGGRESSIVE;
				GCC_WARN_UNUSED_FUNCTION = YES;
				GCC_WARN_UNUSED_VARIABLE = YES;
				IPHONEOS_DEPLOYMENT_TARGET = 13.5;
				MTL_ENABLE_DEBUG_INFO = NO;
				MTL_FAST_MATH = YES;
				SDKROOT = iphoneos;
				SWIFT_COMPILATION_MODE = wholemodule;
				SWIFT_OPTIMIZATION_LEVEL = "-O";
				VALIDATE_PRODUCT = YES;
			};
			name = Release;
		};
		C74A6A2A24A316090066C7AA /* Debug */ = {
			isa = XCBuildConfiguration;
			buildSettings = {
				ASSETCATALOG_COMPILER_APPICON_NAME = AppIcon;
				CODE_SIGN_STYLE = Automatic;
				DEVELOPMENT_TEAM = 52ZXCPY3WQ;
				INFOPLIST_FILE = CombinationTableCollectionView/Info.plist;
				LD_RUNPATH_SEARCH_PATHS = (
					"$(inherited)",
					"@executable_path/Frameworks",
				);
				PRODUCT_BUNDLE_IDENTIFIER = com.kr.tootoomaa.CombinationTableCollectionView;
				PRODUCT_NAME = "$(TARGET_NAME)";
				SWIFT_VERSION = 5.0;
				TARGETED_DEVICE_FAMILY = "1,2";
			};
			name = Debug;
		};
		C74A6A2B24A316090066C7AA /* Release */ = {
			isa = XCBuildConfiguration;
			buildSettings = {
				ASSETCATALOG_COMPILER_APPICON_NAME = AppIcon;
				CODE_SIGN_STYLE = Automatic;
				DEVELOPMENT_TEAM = 52ZXCPY3WQ;
				INFOPLIST_FILE = CombinationTableCollectionView/Info.plist;
				LD_RUNPATH_SEARCH_PATHS = (
					"$(inherited)",
					"@executable_path/Frameworks",
				);
				PRODUCT_BUNDLE_IDENTIFIER = com.kr.tootoomaa.CombinationTableCollectionView;
				PRODUCT_NAME = "$(TARGET_NAME)";
				SWIFT_VERSION = 5.0;
				TARGETED_DEVICE_FAMILY = "1,2";
			};
			name = Release;
		};
/* End XCBuildConfiguration section */

/* Begin XCConfigurationList section */
		C74A6A1024A316080066C7AA /* Build configuration list for PBXProject "CombinationTableCollectionView" */ = {
			isa = XCConfigurationList;
			buildConfigurations = (
				C74A6A2724A316090066C7AA /* Debug */,
				C74A6A2824A316090066C7AA /* Release */,
			);
			defaultConfigurationIsVisible = 0;
			defaultConfigurationName = Release;
		};
		C74A6A2924A316090066C7AA /* Build configuration list for PBXNativeTarget "CombinationTableCollectionView" */ = {
			isa = XCConfigurationList;
			buildConfigurations = (
				C74A6A2A24A316090066C7AA /* Debug */,
				C74A6A2B24A316090066C7AA /* Release */,
			);
			defaultConfigurationIsVisible = 0;
			defaultConfigurationName = Release;
		};
/* End XCConfigurationList section */
	};
	rootObject = C74A6A0D24A316080066C7AA /* Project object */;
}
