// !$*UTF8*$!
{
	archiveVersion = 1;
	classes = {
	};
	objectVersion = 50;
	objects = {

/* Begin PBXBuildFile section */
		4F607EAD247CF7820045C4B0 /* CategoryViewController.swift in Sources */ = {isa = PBXBuildFile; fileRef = 4F607EAC247CF7820045C4B0 /* CategoryViewController.swift */; };
		4F607EAF247CF7C10045C4B0 /* ProductViewController.swift in Sources */ = {isa = PBXBuildFile; fileRef = 4F607EAE247CF7C10045C4B0 /* ProductViewController.swift */; };
		4F607EB1247CF7CC0045C4B0 /* DetailViewController.swift in Sources */ = {isa = PBXBuildFile; fileRef = 4F607EB0247CF7CC0045C4B0 /* DetailViewController.swift */; };
		4F607EB3247CF7D60045C4B0 /* WishListViewController.swift in Sources */ = {isa = PBXBuildFile; fileRef = 4F607EB2247CF7D60045C4B0 /* WishListViewController.swift */; };
		4FD504D8247CD3C3009BE623 /* AppDelegate.swift in Sources */ = {isa = PBXBuildFile; fileRef = 4FD504D7247CD3C3009BE623 /* AppDelegate.swift */; };
		4FD504DA247CD3C3009BE623 /* SceneDelegate.swift in Sources */ = {isa = PBXBuildFile; fileRef = 4FD504D9247CD3C3009BE623 /* SceneDelegate.swift */; };
		4FD504DF247CD3C3009BE623 /* Main.storyboard in Resources */ = {isa = PBXBuildFile; fileRef = 4FD504DD247CD3C3009BE623 /* Main.storyboard */; };
		4FD504E1247CD3C5009BE623 /* Assets.xcassets in Resources */ = {isa = PBXBuildFile; fileRef = 4FD504E0247CD3C5009BE623 /* Assets.xcassets */; };
		4FD504E4247CD3C5009BE623 /* LaunchScreen.storyboard in Resources */ = {isa = PBXBuildFile; fileRef = 4FD504E2247CD3C5009BE623 /* LaunchScreen.storyboard */; };
		C7DFCE142480CABF00506B49 /* CategoryTableViewCell.swift in Sources */ = {isa = PBXBuildFile; fileRef = C7DFCE132480CABF00506B49 /* CategoryTableViewCell.swift */; };
		C7DFCE172480D60900506B49 /* Protocol.swift in Sources */ = {isa = PBXBuildFile; fileRef = C7DFCE162480D60900506B49 /* Protocol.swift */; };
		C7DFCE1A2480D75700506B49 /* ProductData.swift in Sources */ = {isa = PBXBuildFile; fileRef = C7DFCE192480D75700506B49 /* ProductData.swift */; };
/* End PBXBuildFile section */

/* Begin PBXFileReference section */
		4F607EAC247CF7820045C4B0 /* CategoryViewController.swift */ = {isa = PBXFileReference; lastKnownFileType = sourcecode.swift; path = CategoryViewController.swift; sourceTree = "<group>"; };
		4F607EAE247CF7C10045C4B0 /* ProductViewController.swift */ = {isa = PBXFileReference; lastKnownFileType = sourcecode.swift; path = ProductViewController.swift; sourceTree = "<group>"; };
		4F607EB0247CF7CC0045C4B0 /* DetailViewController.swift */ = {isa = PBXFileReference; lastKnownFileType = sourcecode.swift; path = DetailViewController.swift; sourceTree = "<group>"; };
		4F607EB2247CF7D60045C4B0 /* WishListViewController.swift */ = {isa = PBXFileReference; lastKnownFileType = sourcecode.swift; path = WishListViewController.swift; sourceTree = "<group>"; };
		4FD504D4247CD3C3009BE623 /* Dominos11_Starter.app */ = {isa = PBXFileReference; explicitFileType = wrapper.application; includeInIndex = 0; path = Dominos11_Starter.app; sourceTree = BUILT_PRODUCTS_DIR; };
		4FD504D7247CD3C3009BE623 /* AppDelegate.swift */ = {isa = PBXFileReference; lastKnownFileType = sourcecode.swift; path = AppDelegate.swift; sourceTree = "<group>"; };
		4FD504D9247CD3C3009BE623 /* SceneDelegate.swift */ = {isa = PBXFileReference; lastKnownFileType = sourcecode.swift; path = SceneDelegate.swift; sourceTree = "<group>"; };
		4FD504DE247CD3C3009BE623 /* Base */ = {isa = PBXFileReference; lastKnownFileType = file.storyboard; name = Base; path = Base.lproj/Main.storyboard; sourceTree = "<group>"; };
		4FD504E0247CD3C5009BE623 /* Assets.xcassets */ = {isa = PBXFileReference; lastKnownFileType = folder.assetcatalog; path = Assets.xcassets; sourceTree = "<group>"; };
		4FD504E3247CD3C5009BE623 /* Base */ = {isa = PBXFileReference; lastKnownFileType = file.storyboard; name = Base; path = Base.lproj/LaunchScreen.storyboard; sourceTree = "<group>"; };
		4FD504E5247CD3C5009BE623 /* Info.plist */ = {isa = PBXFileReference; lastKnownFileType = text.plist.xml; path = Info.plist; sourceTree = "<group>"; };
		C7DFCE132480CABF00506B49 /* CategoryTableViewCell.swift */ = {isa = PBXFileReference; lastKnownFileType = sourcecode.swift; path = CategoryTableViewCell.swift; sourceTree = "<group>"; };
		C7DFCE162480D60900506B49 /* Protocol.swift */ = {isa = PBXFileReference; lastKnownFileType = sourcecode.swift; path = Protocol.swift; sourceTree = "<group>"; };
		C7DFCE192480D75700506B49 /* ProductData.swift */ = {isa = PBXFileReference; lastKnownFileType = sourcecode.swift; path = ProductData.swift; sourceTree = "<group>"; };
/* End PBXFileReference section */

/* Begin PBXFrameworksBuildPhase section */
		4FD504D1247CD3C3009BE623 /* Frameworks */ = {
			isa = PBXFrameworksBuildPhase;
			buildActionMask = 2147483647;
			files = (
			);
			runOnlyForDeploymentPostprocessing = 0;
		};
/* End PBXFrameworksBuildPhase section */

/* Begin PBXGroup section */
		4FD504CB247CD3C3009BE623 = {
			isa = PBXGroup;
			children = (
				4FD504D6247CD3C3009BE623 /* Dominos11_Starter */,
				4FD504D5247CD3C3009BE623 /* Products */,
			);
			sourceTree = "<group>";
		};
		4FD504D5247CD3C3009BE623 /* Products */ = {
			isa = PBXGroup;
			children = (
				4FD504D4247CD3C3009BE623 /* Dominos11_Starter.app */,
			);
			name = Products;
			sourceTree = "<group>";
		};
		4FD504D6247CD3C3009BE623 /* Dominos11_Starter */ = {
			isa = PBXGroup;
			children = (
				C7DFCE182480D74900506B49 /* Data */,
				C7DFCE152480D5FC00506B49 /* Protocol */,
				C7DFCE112480C95600506B49 /* Controller */,
				C7DFCE102480C95200506B49 /* View */,
				4FD504D7247CD3C3009BE623 /* AppDelegate.swift */,
				4FD504D9247CD3C3009BE623 /* SceneDelegate.swift */,
				4FD504DD247CD3C3009BE623 /* Main.storyboard */,
				4FD504E0247CD3C5009BE623 /* Assets.xcassets */,
				4FD504E2247CD3C5009BE623 /* LaunchScreen.storyboard */,
				4FD504E5247CD3C5009BE623 /* Info.plist */,
			);
			path = Dominos11_Starter;
			sourceTree = "<group>";
		};
		C7DFCE102480C95200506B49 /* View */ = {
			isa = PBXGroup;
			children = (
				C7DFCE132480CABF00506B49 /* CategoryTableViewCell.swift */,
			);
			path = View;
			sourceTree = "<group>";
		};
		C7DFCE112480C95600506B49 /* Controller */ = {
			isa = PBXGroup;
			children = (
				4F607EAC247CF7820045C4B0 /* CategoryViewController.swift */,
				4F607EAE247CF7C10045C4B0 /* ProductViewController.swift */,
				4F607EB0247CF7CC0045C4B0 /* DetailViewController.swift */,
				4F607EB2247CF7D60045C4B0 /* WishListViewController.swift */,
			);
			path = Controller;
			sourceTree = "<group>";
		};
		C7DFCE152480D5FC00506B49 /* Protocol */ = {
			isa = PBXGroup;
			children = (
				C7DFCE162480D60900506B49 /* Protocol.swift */,
			);
			path = Protocol;
			sourceTree = "<group>";
		};
		C7DFCE182480D74900506B49 /* Data */ = {
			isa = PBXGroup;
			children = (
				C7DFCE192480D75700506B49 /* ProductData.swift */,
			);
			path = Data;
			sourceTree = "<group>";
		};
/* End PBXGroup section */

/* Begin PBXNativeTarget section */
		4FD504D3247CD3C3009BE623 /* Dominos11_Starter */ = {
			isa = PBXNativeTarget;
			buildConfigurationList = 4FD504E8247CD3C5009BE623 /* Build configuration list for PBXNativeTarget "Dominos11_Starter" */;
			buildPhases = (
				4FD504D0247CD3C3009BE623 /* Sources */,
				4FD504D1247CD3C3009BE623 /* Frameworks */,
				4FD504D2247CD3C3009BE623 /* Resources */,
			);
			buildRules = (
			);
			dependencies = (
			);
			name = Dominos11_Starter;
			productName = Dominos11_Starter;
			productReference = 4FD504D4247CD3C3009BE623 /* Dominos11_Starter.app */;
			productType = "com.apple.product-type.application";
		};
/* End PBXNativeTarget section */

/* Begin PBXProject section */
		4FD504CC247CD3C3009BE623 /* Project object */ = {
			isa = PBXProject;
			attributes = {
				LastSwiftUpdateCheck = 1140;
				LastUpgradeCheck = 1140;
				ORGANIZATIONNAME = Kira;
				TargetAttributes = {
					4FD504D3247CD3C3009BE623 = {
						CreatedOnToolsVersion = 11.4.1;
					};
				};
			};
			buildConfigurationList = 4FD504CF247CD3C3009BE623 /* Build configuration list for PBXProject "Dominos11_Starter" */;
			compatibilityVersion = "Xcode 9.3";
			developmentRegion = en;
			hasScannedForEncodings = 0;
			knownRegions = (
				en,
				Base,
			);
			mainGroup = 4FD504CB247CD3C3009BE623;
			productRefGroup = 4FD504D5247CD3C3009BE623 /* Products */;
			projectDirPath = "";
			projectRoot = "";
			targets = (
				4FD504D3247CD3C3009BE623 /* Dominos11_Starter */,
			);
		};
/* End PBXProject section */

/* Begin PBXResourcesBuildPhase section */
		4FD504D2247CD3C3009BE623 /* Resources */ = {
			isa = PBXResourcesBuildPhase;
			buildActionMask = 2147483647;
			files = (
				4FD504E4247CD3C5009BE623 /* LaunchScreen.storyboard in Resources */,
				4FD504E1247CD3C5009BE623 /* Assets.xcassets in Resources */,
				4FD504DF247CD3C3009BE623 /* Main.storyboard in Resources */,
			);
			runOnlyForDeploymentPostprocessing = 0;
		};
/* End PBXResourcesBuildPhase section */

/* Begin PBXSourcesBuildPhase section */
		4FD504D0247CD3C3009BE623 /* Sources */ = {
			isa = PBXSourcesBuildPhase;
			buildActionMask = 2147483647;
			files = (
				4FD504D8247CD3C3009BE623 /* AppDelegate.swift in Sources */,
				4F607EB3247CF7D60045C4B0 /* WishListViewController.swift in Sources */,
				4F607EAD247CF7820045C4B0 /* CategoryViewController.swift in Sources */,
				C7DFCE172480D60900506B49 /* Protocol.swift in Sources */,
				4F607EB1247CF7CC0045C4B0 /* DetailViewController.swift in Sources */,
				C7DFCE1A2480D75700506B49 /* ProductData.swift in Sources */,
				C7DFCE142480CABF00506B49 /* CategoryTableViewCell.swift in Sources */,
				4F607EAF247CF7C10045C4B0 /* ProductViewController.swift in Sources */,
				4FD504DA247CD3C3009BE623 /* SceneDelegate.swift in Sources */,
			);
			runOnlyForDeploymentPostprocessing = 0;
		};
/* End PBXSourcesBuildPhase section */

/* Begin PBXVariantGroup section */
		4FD504DD247CD3C3009BE623 /* Main.storyboard */ = {
			isa = PBXVariantGroup;
			children = (
				4FD504DE247CD3C3009BE623 /* Base */,
			);
			name = Main.storyboard;
			sourceTree = "<group>";
		};
		4FD504E2247CD3C5009BE623 /* LaunchScreen.storyboard */ = {
			isa = PBXVariantGroup;
			children = (
				4FD504E3247CD3C5009BE623 /* Base */,
			);
			name = LaunchScreen.storyboard;
			sourceTree = "<group>";
		};
/* End PBXVariantGroup section */

/* Begin XCBuildConfiguration section */
		4FD504E6247CD3C5009BE623 /* Debug */ = {
			isa = XCBuildConfiguration;
			buildSettings = {
				ALWAYS_SEARCH_USER_PATHS = NO;
				CLANG_ANALYZER_NONNULL = YES;
				CLANG_ANALYZER_NUMBER_OBJECT_CONVERSION = YES_AGGRESSIVE;
				CLANG_CXX_LANGUAGE_STANDARD = "gnu++14";
				CLANG_CXX_LIBRARY = "libc++";
				CLANG_ENABLE_MODULES = YES;
				CLANG_ENABLE_OBJC_ARC = YES;
				CLANG_ENABLE_OBJC_WEAK = YES;
				CLANG_WARN_BLOCK_CAPTURE_AUTORELEASING = YES;
				CLANG_WARN_BOOL_CONVERSION = YES;
				CLANG_WARN_COMMA = YES;
				CLANG_WARN_CONSTANT_CONVERSION = YES;
				CLANG_WARN_DEPRECATED_OBJC_IMPLEMENTATIONS = YES;
				CLANG_WARN_DIRECT_OBJC_ISA_USAGE = YES_ERROR;
				CLANG_WARN_DOCUMENTATION_COMMENTS = YES;
				CLANG_WARN_EMPTY_BODY = YES;
				CLANG_WARN_ENUM_CONVERSION = YES;
				CLANG_WARN_INFINITE_RECURSION = YES;
				CLANG_WARN_INT_CONVERSION = YES;
				CLANG_WARN_NON_LITERAL_NULL_CONVERSION = YES;
				CLANG_WARN_OBJC_IMPLICIT_RETAIN_SELF = YES;
				CLANG_WARN_OBJC_LITERAL_CONVERSION = YES;
				CLANG_WARN_OBJC_ROOT_CLASS = YES_ERROR;
				CLANG_WARN_RANGE_LOOP_ANALYSIS = YES;
				CLANG_WARN_STRICT_PROTOTYPES = YES;
				CLANG_WARN_SUSPICIOUS_MOVE = YES;
				CLANG_WARN_UNGUARDED_AVAILABILITY = YES_AGGRESSIVE;
				CLANG_WARN_UNREACHABLE_CODE = YES;
				CLANG_WARN__DUPLICATE_METHOD_MATCH = YES;
				COPY_PHASE_STRIP = NO;
				DEBUG_INFORMATION_FORMAT = dwarf;
				ENABLE_STRICT_OBJC_MSGSEND = YES;
				ENABLE_TESTABILITY = YES;
				GCC_C_LANGUAGE_STANDARD = gnu11;
				GCC_DYNAMIC_NO_PIC = NO;
				GCC_NO_COMMON_BLOCKS = YES;
				GCC_OPTIMIZATION_LEVEL = 0;
				GCC_PREPROCESSOR_DEFINITIONS = (
					"DEBUG=1",
					"$(inherited)",
				);
				GCC_WARN_64_TO_32_BIT_CONVERSION = YES;
				GCC_WARN_ABOUT_RETURN_TYPE = YES_ERROR;
				GCC_WARN_UNDECLARED_SELECTOR = YES;
				GCC_WARN_UNINITIALIZED_AUTOS = YES_AGGRESSIVE;
				GCC_WARN_UNUSED_FUNCTION = YES;
				GCC_WARN_UNUSED_VARIABLE = YES;
				IPHONEOS_DEPLOYMENT_TARGET = 13.4;
				MTL_ENABLE_DEBUG_INFO = INCLUDE_SOURCE;
				MTL_FAST_MATH = YES;
				ONLY_ACTIVE_ARCH = YES;
				SDKROOT = iphoneos;
				SWIFT_ACTIVE_COMPILATION_CONDITIONS = DEBUG;
				SWIFT_OPTIMIZATION_LEVEL = "-Onone";
			};
			name = Debug;
		};
		4FD504E7247CD3C5009BE623 /* Release */ = {
			isa = XCBuildConfiguration;
			buildSettings = {
				ALWAYS_SEARCH_USER_PATHS = NO;
				CLANG_ANALYZER_NONNULL = YES;
				CLANG_ANALYZER_NUMBER_OBJECT_CONVERSION = YES_AGGRESSIVE;
				CLANG_CXX_LANGUAGE_STANDARD = "gnu++14";
				CLANG_CXX_LIBRARY = "libc++";
				CLANG_ENABLE_MODULES = YES;
				CLANG_ENABLE_OBJC_ARC = YES;
				CLANG_ENABLE_OBJC_WEAK = YES;
				CLANG_WARN_BLOCK_CAPTURE_AUTORELEASING = YES;
				CLANG_WARN_BOOL_CONVERSION = YES;
				CLANG_WARN_COMMA = YES;
				CLANG_WARN_CONSTANT_CONVERSION = YES;
				CLANG_WARN_DEPRECATED_OBJC_IMPLEMENTATIONS = YES;
				CLANG_WARN_DIRECT_OBJC_ISA_USAGE = YES_ERROR;
				CLANG_WARN_DOCUMENTATION_COMMENTS = YES;
				CLANG_WARN_EMPTY_BODY = YES;
				CLANG_WARN_ENUM_CONVERSION = YES;
				CLANG_WARN_INFINITE_RECURSION = YES;
				CLANG_WARN_INT_CONVERSION = YES;
				CLANG_WARN_NON_LITERAL_NULL_CONVERSION = YES;
				CLANG_WARN_OBJC_IMPLICIT_RETAIN_SELF = YES;
				CLANG_WARN_OBJC_LITERAL_CONVERSION = YES;
				CLANG_WARN_OBJC_ROOT_CLASS = YES_ERROR;
				CLANG_WARN_RANGE_LOOP_ANALYSIS = YES;
				CLANG_WARN_STRICT_PROTOTYPES = YES;
				CLANG_WARN_SUSPICIOUS_MOVE = YES;
				CLANG_WARN_UNGUARDED_AVAILABILITY = YES_AGGRESSIVE;
				CLANG_WARN_UNREACHABLE_CODE = YES;
				CLANG_WARN__DUPLICATE_METHOD_MATCH = YES;
				COPY_PHASE_STRIP = NO;
				DEBUG_INFORMATION_FORMAT = "dwarf-with-dsym";
				ENABLE_NS_ASSERTIONS = NO;
				ENABLE_STRICT_OBJC_MSGSEND = YES;
				GCC_C_LANGUAGE_STANDARD = gnu11;
				GCC_NO_COMMON_BLOCKS = YES;
				GCC_WARN_64_TO_32_BIT_CONVERSION = YES;
				GCC_WARN_ABOUT_RETURN_TYPE = YES_ERROR;
				GCC_WARN_UNDECLARED_SELECTOR = YES;
				GCC_WARN_UNINITIALIZED_AUTOS = YES_AGGRESSIVE;
				GCC_WARN_UNUSED_FUNCTION = YES;
				GCC_WARN_UNUSED_VARIABLE = YES;
				IPHONEOS_DEPLOYMENT_TARGET = 13.4;
				MTL_ENABLE_DEBUG_INFO = NO;
				MTL_FAST_MATH = YES;
				SDKROOT = iphoneos;
				SWIFT_COMPILATION_MODE = wholemodule;
				SWIFT_OPTIMIZATION_LEVEL = "-O";
				VALIDATE_PRODUCT = YES;
			};
			name = Release;
		};
		4FD504E9247CD3C5009BE623 /* Debug */ = {
			isa = XCBuildConfiguration;
			buildSettings = {
				ASSETCATALOG_COMPILER_APPICON_NAME = AppIcon;
				CODE_SIGN_STYLE = Automatic;
				DEVELOPMENT_TEAM = ZLN97H98PA;
				INFOPLIST_FILE = Dominos11_Starter/Info.plist;
				LD_RUNPATH_SEARCH_PATHS = (
					"$(inherited)",
					"@executable_path/Frameworks",
				);
				PRODUCT_BUNDLE_IDENTIFIER = "com.TeamQED.Dominos11-Starter";
				PRODUCT_NAME = "$(TARGET_NAME)";
				SWIFT_VERSION = 5.0;
				TARGETED_DEVICE_FAMILY = "1,2";
			};
			name = Debug;
		};
		4FD504EA247CD3C5009BE623 /* Release */ = {
			isa = XCBuildConfiguration;
			buildSettings = {
				ASSETCATALOG_COMPILER_APPICON_NAME = AppIcon;
				CODE_SIGN_STYLE = Automatic;
				DEVELOPMENT_TEAM = ZLN97H98PA;
				INFOPLIST_FILE = Dominos11_Starter/Info.plist;
				LD_RUNPATH_SEARCH_PATHS = (
					"$(inherited)",
					"@executable_path/Frameworks",
				);
				PRODUCT_BUNDLE_IDENTIFIER = "com.TeamQED.Dominos11-Starter";
				PRODUCT_NAME = "$(TARGET_NAME)";
				SWIFT_VERSION = 5.0;
				TARGETED_DEVICE_FAMILY = "1,2";
			};
			name = Release;
		};
/* End XCBuildConfiguration section */

/* Begin XCConfigurationList section */
		4FD504CF247CD3C3009BE623 /* Build configuration list for PBXProject "Dominos11_Starter" */ = {
			isa = XCConfigurationList;
			buildConfigurations = (
				4FD504E6247CD3C5009BE623 /* Debug */,
				4FD504E7247CD3C5009BE623 /* Release */,
			);
			defaultConfigurationIsVisible = 0;
			defaultConfigurationName = Release;
		};
		4FD504E8247CD3C5009BE623 /* Build configuration list for PBXNativeTarget "Dominos11_Starter" */ = {
			isa = XCConfigurationList;
			buildConfigurations = (
				4FD504E9247CD3C5009BE623 /* Debug */,
				4FD504EA247CD3C5009BE623 /* Release */,
			);
			defaultConfigurationIsVisible = 0;
			defaultConfigurationName = Release;
		};
/* End XCConfigurationList section */
	};
	rootObject = 4FD504CC247CD3C3009BE623 /* Project object */;
}
